# THIS IS AN AUTOGENERATED FILE. DO NOT EDIT THIS FILE DIRECTLY.
# yarn lockfile v1


prettier@2.0.5:
  version "2.0.5"
  resolved "https://registry.npm.taobao.org/prettier/download/prettier-2.0.5.tgz?cache=0&other_urls=https%3A%2F%2Fregistry.npm.taobao.org%2Fprettier%2Fdownload%2Fprettier-2.0.5.tgz#d6d56282455243f2f92cc1716692c08aa31522d4"
  integrity sha1-1tVigkVSQ/L5LMFxZpLAiqMVItQ=
